
Microsoft Visual Studio Solution File, Format Version 12.00
# Visual Studio 15
VisualStudioVersion = 15.0.28307.168
MinimumVisualStudioVersion = 10.0.40219.1
Project("{FAE04EC0-301F-11D3-BF4B-00C04F79EFBC}") = "CSD3354-2-Assignment-2 C0731812", "CSD3354-2-Assignment-2 C0731812\CSD3354-2-Assignment-2 C0731812.csproj", "{038718B2-8CF7-4468-BECC-60650BD82FC8}"
EndProject
Global
	GlobalSection(SolutionConfigurationPlatforms) = preSolution
		Debug|Any CPU = Debug|Any CPU
		Release|Any CPU = Release|Any CPU
	EndGlobalSection
	GlobalSection(ProjectConfigurationPlatforms) = postSolution
		{038718B2-8CF7-4468-BECC-60650BD82FC8}.Debug|Any CPU.ActiveCfg = Debug|Any CPU
		{038718B2-8CF7-4468-BECC-60650BD82FC8}.Debug|Any CPU.Build.0 = Debug|Any CPU
		{038718B2-8CF7-4468-BECC-60650BD82FC8}.Release|Any CPU.ActiveCfg = Release|Any CPU
		{038718B2-8CF7-4468-BECC-60650BD82FC8}.Release|Any CPU.Build.0 = Release|Any CPU
	EndGlobalSection
	GlobalSection(SolutionProperties) = preSolution
		HideSolutionNode = FALSE
	EndGlobalSection
	GlobalSection(ExtensibilityGlobals) = postSolution
		SolutionGuid = {5AE6C199-BC7E-4E79-B6AE-02963F4A27C4}
	EndGlobalSection
EndGlobal
